
Microsoft Visual Studio Solution File, Format Version 12.00
# Visual Studio Version 16
VisualStudioVersion = 16.0.31729.503
MinimumVisualStudioVersion = 10.0.40219.1
Project("{9A19103F-16F7-4668-BE54-9A1E7A4F7556}") = "BackEnd_GestaoFinanceira", "BackEnd_GestaoFinanceira.csproj", "{ACF334E9-C361-4372-89D9-8DB273E49F64}"
EndProject
Global
	GlobalSection(SolutionConfigurationPlatforms) = preSolution
		Debug|Any CPU = Debug|Any CPU
		Release|Any CPU = Release|Any CPU
	EndGlobalSection
	GlobalSection(ProjectConfigurationPlatforms) = postSolution
		{ACF334E9-C361-4372-89D9-8DB273E49F64}.Debug|Any CPU.ActiveCfg = Debug|Any CPU
		{ACF334E9-C361-4372-89D9-8DB273E49F64}.Debug|Any CPU.Build.0 = Debug|Any CPU
		{ACF334E9-C361-4372-89D9-8DB273E49F64}.Release|Any CPU.ActiveCfg = Release|Any CPU
		{ACF334E9-C361-4372-89D9-8DB273E49F64}.Release|Any CPU.Build.0 = Release|Any CPU
	EndGlobalSection
	GlobalSection(SolutionProperties) = preSolution
		HideSolutionNode = FALSE
	EndGlobalSection
	GlobalSection(ExtensibilityGlobals) = postSolution
		SolutionGuid = {F3A460F4-F4BC-4D03-8CAF-DFA6EB4D477C}
	EndGlobalSection
EndGlobal
